{
  "version": 4,
  "terraform_version": "1.5.7",
  "serial": 3,
  "lineage": "7ff296c3-8535-af8f-0fb2-d22671bffbb3",
  "outputs": {
    "vpc_name": {
      "value": "vpc-one",
      "type": "string"
    }
  },
  "resources": [
    {
      "mode": "managed",
      "type": "google_compute_network",
      "name": "vpc_one",
      "provider": "provider[\"registry.terraform.io/hashicorp/google\"]",
      "instances": [
        {
          "schema_version": 0,
          "attributes": {
            "auto_create_subnetworks": false,
            "bgp_always_compare_med": false,
            "bgp_best_path_selection_mode": "LEGACY",
            "bgp_inter_region_cost": "",
            "delete_bgp_always_compare_med": false,
            "delete_default_routes_on_create": false,
            "description": "",
            "enable_ula_internal_ipv6": false,
            "gateway_ipv4": "",
            "id": "projects/ehis-project/global/networks/vpc-one",
            "internal_ipv6_range": "",
            "mtu": 0,
            "name": "vpc-one",
            "network_firewall_policy_enforcement_order": "AFTER_CLASSIC_FIREWALL",
            "network_id": "5765600032921360517",
            "network_profile": "",
            "numeric_id": "5765600032921360517",
            "params": [],
            "project": "ehis-project",
            "routing_mode": "GLOBAL",
            "self_link": "https://www.googleapis.com/compute/v1/projects/ehis-project/global/networks/vpc-one",
            "timeouts": null
          },
          "sensitive_attributes": [],
          "private": "eyJlMmJmYjczMC1lY2FhLTExZTYtOGY4OC0zNDM2M2JjN2M0YzAiOnsiY3JlYXRlIjoxMjAwMDAwMDAwMDAwLCJkZWxldGUiOjEyMDAwMDAwMDAwMDAsInVwZGF0ZSI6MTIwMDAwMDAwMDAwMH19"
        }
      ]
    },
    {
      "mode": "managed",
      "type": "local_file",
      "name": "food",
      "provider": "provider[\"registry.terraform.io/hashicorp/local\"]",
      "instances": [
        {
          "schema_version": 0,
          "attributes": {
            "content": "My favorite food is healthy food!",
            "content_base64": null,
            "content_base64sha256": "l4DZ/JtpPAEVCfGHy9879msBVfg9m3vkN+HOUnABNMo=",
            "content_base64sha512": "eJNPB70Mp5oEzaHUbc8RZUVW/7eBUGZFl4zb2plRyitnBq0ad4hiLeG//a3/talwfekzeota+j5gt+RjDtH66A==",
            "content_md5": "c5038ba2798212387fff802b711f967e",
            "content_sha1": "69fc06dbce571063b20ccc8d0a5aa5c80870afdb",
            "content_sha256": "9780d9fc9b693c011509f187cbdf3bf66b0155f83d9b7be437e1ce52700134ca",
            "content_sha512": "78934f07bd0ca79a04cda1d46dcf11654556ffb781506645978cdbda9951ca2b6706ad1a7788622de1bffdadffb5a9707de9337a8b5afa3e60b7e4630ed1fae8",
            "directory_permission": "0777",
            "file_permission": "0777",
            "filename": "./food.bar",
            "id": "69fc06dbce571063b20ccc8d0a5aa5c80870afdb",
            "sensitive_content": null,
            "source": null
          },
          "sensitive_attributes": []
        }
      ]
    }
  ],
  "check_results": null
}
